
Microsoft Visual Studio Solution File, Format Version 12.00
# Visual Studio Version 17
VisualStudioVersion = 17.7.34031.279
MinimumVisualStudioVersion = 10.0.40219.1
Project("{9A19103F-16F7-4668-BE54-9A1E7A4F7556}") = "hm1_time_indicator", "hm1_time_indicator\hm1_time_indicator.csproj", "{9E714942-9C3C-4FC1-8796-540371A43A94}"
EndProject
Project("{9A19103F-16F7-4668-BE54-9A1E7A4F7556}") = "hm1_user_personal_data", "hm1_user_personal_data\hm1_user_personal_data.csproj", "{051C4399-693F-4022-A00F-3414887347D8}"
EndProject
Project("{FAE04EC0-301F-11D3-BF4B-00C04F79EFBC}") = "hm1_miner", "hm1_miner\hm1_miner.csproj", "{893A043B-E560-457C-AB11-D08F6A935B3A}"
EndProject
Global
	GlobalSection(SolutionConfigurationPlatforms) = preSolution
		Debug|Any CPU = Debug|Any CPU
		Release|Any CPU = Release|Any CPU
	EndGlobalSection
	GlobalSection(ProjectConfigurationPlatforms) = postSolution
		{9E714942-9C3C-4FC1-8796-540371A43A94}.Debug|Any CPU.ActiveCfg = Debug|Any CPU
		{9E714942-9C3C-4FC1-8796-540371A43A94}.Debug|Any CPU.Build.0 = Debug|Any CPU
		{9E714942-9C3C-4FC1-8796-540371A43A94}.Release|Any CPU.ActiveCfg = Release|Any CPU
		{9E714942-9C3C-4FC1-8796-540371A43A94}.Release|Any CPU.Build.0 = Release|Any CPU
		{051C4399-693F-4022-A00F-3414887347D8}.Debug|Any CPU.ActiveCfg = Debug|Any CPU
		{051C4399-693F-4022-A00F-3414887347D8}.Debug|Any CPU.Build.0 = Debug|Any CPU
		{051C4399-693F-4022-A00F-3414887347D8}.Release|Any CPU.ActiveCfg = Release|Any CPU
		{051C4399-693F-4022-A00F-3414887347D8}.Release|Any CPU.Build.0 = Release|Any CPU
		{893A043B-E560-457C-AB11-D08F6A935B3A}.Debug|Any CPU.ActiveCfg = Debug|Any CPU
		{893A043B-E560-457C-AB11-D08F6A935B3A}.Debug|Any CPU.Build.0 = Debug|Any CPU
		{893A043B-E560-457C-AB11-D08F6A935B3A}.Release|Any CPU.ActiveCfg = Release|Any CPU
		{893A043B-E560-457C-AB11-D08F6A935B3A}.Release|Any CPU.Build.0 = Release|Any CPU
	EndGlobalSection
	GlobalSection(SolutionProperties) = preSolution
		HideSolutionNode = FALSE
	EndGlobalSection
	GlobalSection(ExtensibilityGlobals) = postSolution
		SolutionGuid = {0571D8BF-3C2B-42EF-8382-025C80FA4B88}
	EndGlobalSection
EndGlobal
